{
  "name": "nebula",
  "lockfileVersion": 3,
  "requires": true,
  "packages": {
    "": {
      "dependencies": {
        "@lobsterkit/lobstermail": "^1.7.0"
      }
    },
    "node_modules/@lobsterkit/lobstermail": {
      "version": "1.7.0",
      "resolved": "https://registry.npmjs.org/@lobsterkit/lobstermail/-/lobstermail-1.7.0.tgz",
      "integrity": "sha512-nLhUMEqEu61RI2T54JLfKmXWvaglOMFbzEC9ztvRVHPc+86wqGr0pw0wtEYOLbp+NUSBFxNocXhpBcvI+Y2mhw==",
      "license": "MIT",
      "engines": {
        "node": ">=18"
      },
      "peerDependencies": {
        "ws": "^8.0.0"
      },
      "peerDependenciesMeta": {
        "ws": {
          "optional": true
        }
      }
    }
  }
}
